
Microsoft Visual Studio Solution File, Format Version 12.00
# Visual Studio Version 17
VisualStudioVersion = 17.11.35222.181
MinimumVisualStudioVersion = 10.0.40219.1
Project("{9A19103F-16F7-4668-BE54-9A1E7A4F7556}") = "BudgetTracker.View", "BudgetTracker\BudgetTracker.View.csproj", "{C5D2531F-CEF1-446F-9656-0F06E981A450}"
EndProject
Project("{9A19103F-16F7-4668-BE54-9A1E7A4F7556}") = "BudgetTracker.Model", "BudgetTracker.Model\BudgetTracker.Model.csproj", "{EB356D52-EF7D-4A79-B460-77C201D13C78}"
EndProject
Project("{FAE04EC0-301F-11D3-BF4B-00C04F79EFBC}") = "BudgetTracker.ViewModel", "BudgetTracker.ViewModel\BudgetTracker.ViewModel.csproj", "{6AFBC967-65B8-4D47-8E4D-5030EEC41536}"
EndProject
Global
	GlobalSection(SolutionConfigurationPlatforms) = preSolution
		Debug|Any CPU = Debug|Any CPU
		Release|Any CPU = Release|Any CPU
	EndGlobalSection
	GlobalSection(ProjectConfigurationPlatforms) = postSolution
		{C5D2531F-CEF1-446F-9656-0F06E981A450}.Debug|Any CPU.ActiveCfg = Debug|Any CPU
		{C5D2531F-CEF1-446F-9656-0F06E981A450}.Debug|Any CPU.Build.0 = Debug|Any CPU
		{C5D2531F-CEF1-446F-9656-0F06E981A450}.Release|Any CPU.ActiveCfg = Release|Any CPU
		{C5D2531F-CEF1-446F-9656-0F06E981A450}.Release|Any CPU.Build.0 = Release|Any CPU
		{EB356D52-EF7D-4A79-B460-77C201D13C78}.Debug|Any CPU.ActiveCfg = Debug|Any CPU
		{EB356D52-EF7D-4A79-B460-77C201D13C78}.Debug|Any CPU.Build.0 = Debug|Any CPU
		{EB356D52-EF7D-4A79-B460-77C201D13C78}.Release|Any CPU.ActiveCfg = Release|Any CPU
		{EB356D52-EF7D-4A79-B460-77C201D13C78}.Release|Any CPU.Build.0 = Release|Any CPU
		{6AFBC967-65B8-4D47-8E4D-5030EEC41536}.Debug|Any CPU.ActiveCfg = Debug|Any CPU
		{6AFBC967-65B8-4D47-8E4D-5030EEC41536}.Debug|Any CPU.Build.0 = Debug|Any CPU
		{6AFBC967-65B8-4D47-8E4D-5030EEC41536}.Release|Any CPU.ActiveCfg = Release|Any CPU
		{6AFBC967-65B8-4D47-8E4D-5030EEC41536}.Release|Any CPU.Build.0 = Release|Any CPU
	EndGlobalSection
	GlobalSection(SolutionProperties) = preSolution
		HideSolutionNode = FALSE
	EndGlobalSection
	GlobalSection(ExtensibilityGlobals) = postSolution
		SolutionGuid = {610EB792-79AC-4076-A7EC-3DEB65A62110}
	EndGlobalSection
EndGlobal
